
Microsoft Visual Studio Solution File, Format Version 12.00
# Visual Studio Version 16
VisualStudioVersion = 16.0.29806.167
MinimumVisualStudioVersion = 10.0.40219.1
Project("{FAE04EC0-301F-11D3-BF4B-00C04F79EFBC}") = "ConversaoDeTipos", "ConversaoDeTipos.csproj", "{39D3240D-8C93-4809-B57D-0E1D81DB04CF}"
EndProject
Project("{FAE04EC0-301F-11D3-BF4B-00C04F79EFBC}") = "EntradaESaida", "..\EntradaESaida\EntradaESaida.csproj", "{7B574582-6516-4299-AEC1-76FF9549EABA}"
EndProject
Global
	GlobalSection(SolutionConfigurationPlatforms) = preSolution
		Debug|Any CPU = Debug|Any CPU
		Release|Any CPU = Release|Any CPU
	EndGlobalSection
	GlobalSection(ProjectConfigurationPlatforms) = postSolution
		{39D3240D-8C93-4809-B57D-0E1D81DB04CF}.Debug|Any CPU.ActiveCfg = Debug|Any CPU
		{39D3240D-8C93-4809-B57D-0E1D81DB04CF}.Debug|Any CPU.Build.0 = Debug|Any CPU
		{39D3240D-8C93-4809-B57D-0E1D81DB04CF}.Release|Any CPU.ActiveCfg = Release|Any CPU
		{39D3240D-8C93-4809-B57D-0E1D81DB04CF}.Release|Any CPU.Build.0 = Release|Any CPU
		{7B574582-6516-4299-AEC1-76FF9549EABA}.Debug|Any CPU.ActiveCfg = Debug|Any CPU
		{7B574582-6516-4299-AEC1-76FF9549EABA}.Debug|Any CPU.Build.0 = Debug|Any CPU
		{7B574582-6516-4299-AEC1-76FF9549EABA}.Release|Any CPU.ActiveCfg = Release|Any CPU
		{7B574582-6516-4299-AEC1-76FF9549EABA}.Release|Any CPU.Build.0 = Release|Any CPU
	EndGlobalSection
	GlobalSection(SolutionProperties) = preSolution
		HideSolutionNode = FALSE
	EndGlobalSection
	GlobalSection(ExtensibilityGlobals) = postSolution
		SolutionGuid = {B1FB5BCC-CD2C-4048-90FA-B3A10534DAEC}
	EndGlobalSection
EndGlobal
